
Microsoft Visual Studio Solution File, Format Version 12.00
# Visual Studio Version 16
VisualStudioVersion = 16.0.29424.173
MinimumVisualStudioVersion = 10.0.40219.1
Project("{FAE04EC0-301F-11D3-BF4B-00C04F79EFBC}") = "Poker 1", "Poker 1.csproj", "{B424505C-0C17-4BE2-BCA8-C86FBA8F7CCA}"
EndProject
Global
	GlobalSection(SolutionConfigurationPlatforms) = preSolution
		Debug|Any CPU = Debug|Any CPU
		Release|Any CPU = Release|Any CPU
	EndGlobalSection
	GlobalSection(ProjectConfigurationPlatforms) = postSolution
		{B424505C-0C17-4BE2-BCA8-C86FBA8F7CCA}.Debug|Any CPU.ActiveCfg = Debug|Any CPU
		{B424505C-0C17-4BE2-BCA8-C86FBA8F7CCA}.Debug|Any CPU.Build.0 = Debug|Any CPU
		{B424505C-0C17-4BE2-BCA8-C86FBA8F7CCA}.Release|Any CPU.ActiveCfg = Release|Any CPU
		{B424505C-0C17-4BE2-BCA8-C86FBA8F7CCA}.Release|Any CPU.Build.0 = Release|Any CPU
	EndGlobalSection
	GlobalSection(SolutionProperties) = preSolution
		HideSolutionNode = FALSE
	EndGlobalSection
	GlobalSection(ExtensibilityGlobals) = postSolution
		SolutionGuid = {8E91AD7D-BC8F-4B87-9447-0B53E778F886}
	EndGlobalSection
EndGlobal
